
Microsoft Visual Studio Solution File, Format Version 12.00
# Visual Studio Version 17
VisualStudioVersion = 17.14.36109.1 d17.14
MinimumVisualStudioVersion = 10.0.40219.1
Project("{FAE04EC0-301F-11D3-BF4B-00C04F79EFBC}") = "CafeApplication", "CafeApplication.csproj", "{7FD173F3-8A14-4FE2-A933-DCF9264960E5}"
EndProject
Global
	GlobalSection(SolutionConfigurationPlatforms) = preSolution
		Debug|Any CPU = Debug|Any CPU
		Release|Any CPU = Release|Any CPU
	EndGlobalSection
	GlobalSection(ProjectConfigurationPlatforms) = postSolution
		{7FD173F3-8A14-4FE2-A933-DCF9264960E5}.Debug|Any CPU.ActiveCfg = Debug|Any CPU
		{7FD173F3-8A14-4FE2-A933-DCF9264960E5}.Debug|Any CPU.Build.0 = Debug|Any CPU
		{7FD173F3-8A14-4FE2-A933-DCF9264960E5}.Release|Any CPU.ActiveCfg = Release|Any CPU
		{7FD173F3-8A14-4FE2-A933-DCF9264960E5}.Release|Any CPU.Build.0 = Release|Any CPU
	EndGlobalSection
	GlobalSection(SolutionProperties) = preSolution
		HideSolutionNode = FALSE
	EndGlobalSection
	GlobalSection(ExtensibilityGlobals) = postSolution
		SolutionGuid = {30DA3A2A-7516-43C3-91D4-9038B44D43F4}
	EndGlobalSection
EndGlobal
